
Microsoft Visual Studio Solution File, Format Version 12.00
# Visual Studio Version 16
VisualStudioVersion = 16.0.30611.23
MinimumVisualStudioVersion = 10.0.40219.1
Project("{FAE04EC0-301F-11D3-BF4B-00C04F79EFBC}") = "MyDictionary", "MyDictionary\MyDictionary.csproj", "{307DB7C7-7B12-4604-BF45-370693C5D0C9}"
EndProject
Global
	GlobalSection(SolutionConfigurationPlatforms) = preSolution
		Debug|Any CPU = Debug|Any CPU
		Release|Any CPU = Release|Any CPU
	EndGlobalSection
	GlobalSection(ProjectConfigurationPlatforms) = postSolution
		{307DB7C7-7B12-4604-BF45-370693C5D0C9}.Debug|Any CPU.ActiveCfg = Debug|Any CPU
		{307DB7C7-7B12-4604-BF45-370693C5D0C9}.Debug|Any CPU.Build.0 = Debug|Any CPU
		{307DB7C7-7B12-4604-BF45-370693C5D0C9}.Release|Any CPU.ActiveCfg = Release|Any CPU
		{307DB7C7-7B12-4604-BF45-370693C5D0C9}.Release|Any CPU.Build.0 = Release|Any CPU
	EndGlobalSection
	GlobalSection(SolutionProperties) = preSolution
		HideSolutionNode = FALSE
	EndGlobalSection
	GlobalSection(ExtensibilityGlobals) = postSolution
		SolutionGuid = {BFB24A74-9761-4184-95A2-D5B082EC2DA4}
	EndGlobalSection
EndGlobal
